// !$*UTF8*$!
{
	archiveVersion = 1;
	classes = {
	};
	objectVersion = 46;
	objects = {

/* Begin PBXBuildFile section */
		079753BE18BCB3CC002693EF /* XCTest.framework in Frameworks */ = {isa = PBXBuildFile; fileRef = 079753BD18BCB3CC002693EF /* XCTest.framework */; };
		079753BF18BCB3CC002693EF /* Foundation.framework in Frameworks */ = {isa = PBXBuildFile; fileRef = 079753A418BCB3CC002693EF /* Foundation.framework */; };
		079753C018BCB3CC002693EF /* UIKit.framework in Frameworks */ = {isa = PBXBuildFile; fileRef = 079753A818BCB3CC002693EF /* UIKit.framework */; };
		079753C818BCB3CD002693EF /* InfoPlist.strings in Resources */ = {isa = PBXBuildFile; fileRef = 079753C618BCB3CD002693EF /* InfoPlist.strings */; };
		079753D418BCB98F002693EF /* ELAWalkingTimeTests.m in Sources */ = {isa = PBXBuildFile; fileRef = 079753C918BCB3CD002693EF /* ELAWalkingTimeTests.m */; };
		8B990681BF124E11B588A5C9 /* libPods.a in Frameworks */ = {isa = PBXBuildFile; fileRef = 8E3FBAC640984A39994FC4E9 /* libPods.a */; };
/* End PBXBuildFile section */

/* Begin PBXContainerItemProxy section */
		0719904518BDF76200591D4A /* PBXContainerItemProxy */ = {
			isa = PBXContainerItemProxy;
			containerPortal = 0719904018BDF76100591D4A /* ELAWalkingTimeHost.xcodeproj */;
			proxyType = 2;
			remoteGlobalIDString = 0719900E18BDF76100591D4A;
			remoteInfo = ELAWalkingTimeHost;
		};
		0719904918BDF7D200591D4A /* PBXContainerItemProxy */ = {
			isa = PBXContainerItemProxy;
			containerPortal = 0719904018BDF76100591D4A /* ELAWalkingTimeHost.xcodeproj */;
			proxyType = 1;
			remoteGlobalIDString = 0719900D18BDF76100591D4A;
			remoteInfo = ELAWalkingTimeHost;
		};
/* End PBXContainerItemProxy section */

/* Begin PBXFileReference section */
		0719904018BDF76100591D4A /* ELAWalkingTimeHost.xcodeproj */ = {isa = PBXFileReference; lastKnownFileType = "wrapper.pb-project"; name = ELAWalkingTimeHost.xcodeproj; path = ELAWalkingTimeHost/ELAWalkingTimeHost.xcodeproj; sourceTree = "<group>"; };
		0719904D18BE080A00591D4A /* AsyncMacros.h */ = {isa = PBXFileReference; lastKnownFileType = sourcecode.c.h; path = AsyncMacros.h; sourceTree = "<group>"; };
		079753A418BCB3CC002693EF /* Foundation.framework */ = {isa = PBXFileReference; lastKnownFileType = wrapper.framework; name = Foundation.framework; path = System/Library/Frameworks/Foundation.framework; sourceTree = SDKROOT; };
		079753A618BCB3CC002693EF /* CoreGraphics.framework */ = {isa = PBXFileReference; lastKnownFileType = wrapper.framework; name = CoreGraphics.framework; path = System/Library/Frameworks/CoreGraphics.framework; sourceTree = SDKROOT; };
		079753A818BCB3CC002693EF /* UIKit.framework */ = {isa = PBXFileReference; lastKnownFileType = wrapper.framework; name = UIKit.framework; path = System/Library/Frameworks/UIKit.framework; sourceTree = SDKROOT; };
		079753BC18BCB3CC002693EF /* ELAWalkingTimeTests.xctest */ = {isa = PBXFileReference; explicitFileType = wrapper.cfbundle; includeInIndex = 0; path = ELAWalkingTimeTests.xctest; sourceTree = BUILT_PRODUCTS_DIR; };
		079753BD18BCB3CC002693EF /* XCTest.framework */ = {isa = PBXFileReference; lastKnownFileType = wrapper.framework; name = XCTest.framework; path = Library/Frameworks/XCTest.framework; sourceTree = DEVELOPER_DIR; };
		079753C518BCB3CD002693EF /* ELAWalkingTimeTests-Info.plist */ = {isa = PBXFileReference; lastKnownFileType = text.plist.xml; path = "ELAWalkingTimeTests-Info.plist"; sourceTree = "<group>"; };
		079753C718BCB3CD002693EF /* en */ = {isa = PBXFileReference; lastKnownFileType = text.plist.strings; name = en; path = en.lproj/InfoPlist.strings; sourceTree = "<group>"; };
		079753C918BCB3CD002693EF /* ELAWalkingTimeTests.m */ = {isa = PBXFileReference; lastKnownFileType = sourcecode.c.objc; path = ELAWalkingTimeTests.m; sourceTree = "<group>"; };
		079753D318BCB54C002693EF /* ELAWalkingTime-Prefix.pch */ = {isa = PBXFileReference; lastKnownFileType = sourcecode.c.h; path = "ELAWalkingTime-Prefix.pch"; sourceTree = "<group>"; };
		63D7DEC84CCE41FEB5B01EF7 /* Pods.xcconfig */ = {isa = PBXFileReference; includeInIndex = 1; lastKnownFileType = text.xcconfig; name = Pods.xcconfig; path = Pods/Pods.xcconfig; sourceTree = "<group>"; };
		8E3FBAC640984A39994FC4E9 /* libPods.a */ = {isa = PBXFileReference; explicitFileType = archive.ar; includeInIndex = 0; path = libPods.a; sourceTree = BUILT_PRODUCTS_DIR; };
/* End PBXFileReference section */

/* Begin PBXFrameworksBuildPhase section */
		079753B918BCB3CC002693EF /* Frameworks */ = {
			isa = PBXFrameworksBuildPhase;
			buildActionMask = 2147483647;
			files = (
				079753BE18BCB3CC002693EF /* XCTest.framework in Frameworks */,
				079753C018BCB3CC002693EF /* UIKit.framework in Frameworks */,
				079753BF18BCB3CC002693EF /* Foundation.framework in Frameworks */,
				8B990681BF124E11B588A5C9 /* libPods.a in Frameworks */,
			);
			runOnlyForDeploymentPostprocessing = 0;
		};
/* End PBXFrameworksBuildPhase section */

/* Begin PBXGroup section */
		0719904118BDF76100591D4A /* Products */ = {
			isa = PBXGroup;
			children = (
				0719904618BDF76200591D4A /* ELAWalkingTimeHost.app */,
			);
			name = Products;
			sourceTree = "<group>";
		};
		0797539818BCB3CC002693EF = {
			isa = PBXGroup;
			children = (
				079753C318BCB3CD002693EF /* Tests */,
				079753A318BCB3CC002693EF /* Frameworks */,
				079753A218BCB3CC002693EF /* Products */,
				63D7DEC84CCE41FEB5B01EF7 /* Pods.xcconfig */,
			);
			sourceTree = "<group>";
		};
		079753A218BCB3CC002693EF /* Products */ = {
			isa = PBXGroup;
			children = (
				079753BC18BCB3CC002693EF /* ELAWalkingTimeTests.xctest */,
			);
			name = Products;
			sourceTree = "<group>";
		};
		079753A318BCB3CC002693EF /* Frameworks */ = {
			isa = PBXGroup;
			children = (
				079753A418BCB3CC002693EF /* Foundation.framework */,
				079753A618BCB3CC002693EF /* CoreGraphics.framework */,
				079753A818BCB3CC002693EF /* UIKit.framework */,
				079753BD18BCB3CC002693EF /* XCTest.framework */,
				8E3FBAC640984A39994FC4E9 /* libPods.a */,
			);
			name = Frameworks;
			sourceTree = "<group>";
		};
		079753C318BCB3CD002693EF /* Tests */ = {
			isa = PBXGroup;
			children = (
				079753C918BCB3CD002693EF /* ELAWalkingTimeTests.m */,
				079753C418BCB3CD002693EF /* Supporting Files */,
			);
			name = Tests;
			sourceTree = "<group>";
		};
		079753C418BCB3CD002693EF /* Supporting Files */ = {
			isa = PBXGroup;
			children = (
				0719904018BDF76100591D4A /* ELAWalkingTimeHost.xcodeproj */,
				079753D318BCB54C002693EF /* ELAWalkingTime-Prefix.pch */,
				079753C518BCB3CD002693EF /* ELAWalkingTimeTests-Info.plist */,
				079753C618BCB3CD002693EF /* InfoPlist.strings */,
				0719904D18BE080A00591D4A /* AsyncMacros.h */,
			);
			name = "Supporting Files";
			sourceTree = "<group>";
		};
/* End PBXGroup section */

/* Begin PBXNativeTarget section */
		079753BB18BCB3CC002693EF /* ELAWalkingTimeTests */ = {
			isa = PBXNativeTarget;
			buildConfigurationList = 079753D018BCB3CD002693EF /* Build configuration list for PBXNativeTarget "ELAWalkingTimeTests" */;
			buildPhases = (
				583F1DFDBCB54B9FB0004D25 /* Check Pods Manifest.lock */,
				079753B818BCB3CC002693EF /* Sources */,
				079753B918BCB3CC002693EF /* Frameworks */,
				079753BA18BCB3CC002693EF /* Resources */,
				F43893862F81409D8FDA24A6 /* Copy Pods Resources */,
			);
			buildRules = (
			);
			dependencies = (
				0719904A18BDF7D200591D4A /* PBXTargetDependency */,
			);
			name = ELAWalkingTimeTests;
			productName = ELAWalkingTimeTests;
			productReference = 079753BC18BCB3CC002693EF /* ELAWalkingTimeTests.xctest */;
			productType = "com.apple.product-type.bundle.unit-test";
		};
/* End PBXNativeTarget section */

/* Begin PBXProject section */
		0797539918BCB3CC002693EF /* Project object */ = {
			isa = PBXProject;
			attributes = {
				LastUpgradeCheck = 0500;
				ORGANIZATIONNAME = "___FULLUSERNAME___";
				TargetAttributes = {
					079753BB18BCB3CC002693EF = {
						TestTargetID = 079753A018BCB3CC002693EF;
					};
				};
			};
			buildConfigurationList = 0797539C18BCB3CC002693EF /* Build configuration list for PBXProject "ELAWalkingTime Tests" */;
			compatibilityVersion = "Xcode 3.2";
			developmentRegion = English;
			hasScannedForEncodings = 0;
			knownRegions = (
				en,
			);
			mainGroup = 0797539818BCB3CC002693EF;
			productRefGroup = 079753A218BCB3CC002693EF /* Products */;
			projectDirPath = "";
			projectReferences = (
				{
					ProductGroup = 0719904118BDF76100591D4A /* Products */;
					ProjectRef = 0719904018BDF76100591D4A /* ELAWalkingTimeHost.xcodeproj */;
				},
			);
			projectRoot = "";
			targets = (
				079753BB18BCB3CC002693EF /* ELAWalkingTimeTests */,
			);
		};
/* End PBXProject section */

/* Begin PBXReferenceProxy section */
		0719904618BDF76200591D4A /* ELAWalkingTimeHost.app */ = {
			isa = PBXReferenceProxy;
			fileType = wrapper.application;
			path = ELAWalkingTimeHost.app;
			remoteRef = 0719904518BDF76200591D4A /* PBXContainerItemProxy */;
			sourceTree = BUILT_PRODUCTS_DIR;
		};
/* End PBXReferenceProxy section */

/* Begin PBXResourcesBuildPhase section */
		079753BA18BCB3CC002693EF /* Resources */ = {
			isa = PBXResourcesBuildPhase;
			buildActionMask = 2147483647;
			files = (
				079753C818BCB3CD002693EF /* InfoPlist.strings in Resources */,
			);
			runOnlyForDeploymentPostprocessing = 0;
		};
/* End PBXResourcesBuildPhase section */

/* Begin PBXShellScriptBuildPhase section */
		583F1DFDBCB54B9FB0004D25 /* Check Pods Manifest.lock */ = {
			isa = PBXShellScriptBuildPhase;
			buildActionMask = 2147483647;
			files = (
			);
			inputPaths = (
			);
			name = "Check Pods Manifest.lock";
			outputPaths = (
			);
			runOnlyForDeploymentPostprocessing = 0;
			shellPath = /bin/sh;
			shellScript = "diff \"${PODS_ROOT}/../Podfile.lock\" \"${PODS_ROOT}/Manifest.lock\" > /dev/null\nif [[ $? != 0 ]] ; then\n    cat << EOM\nerror: The sandbox is not in sync with the Podfile.lock. Run 'pod install' or update your CocoaPods installation.\nEOM\n    exit 1\nfi\n";
			showEnvVarsInLog = 0;
		};
		F43893862F81409D8FDA24A6 /* Copy Pods Resources */ = {
			isa = PBXShellScriptBuildPhase;
			buildActionMask = 2147483647;
			files = (
			);
			inputPaths = (
			);
			name = "Copy Pods Resources";
			outputPaths = (
			);
			runOnlyForDeploymentPostprocessing = 0;
			shellPath = /bin/sh;
			shellScript = "\"${SRCROOT}/Pods/Pods-resources.sh\"\n";
			showEnvVarsInLog = 0;
		};
/* End PBXShellScriptBuildPhase section */

/* Begin PBXSourcesBuildPhase section */
		079753B818BCB3CC002693EF /* Sources */ = {
			isa = PBXSourcesBuildPhase;
			buildActionMask = 2147483647;
			files = (
				079753D418BCB98F002693EF /* ELAWalkingTimeTests.m in Sources */,
			);
			runOnlyForDeploymentPostprocessing = 0;
		};
/* End PBXSourcesBuildPhase section */

/* Begin PBXTargetDependency section */
		0719904A18BDF7D200591D4A /* PBXTargetDependency */ = {
			isa = PBXTargetDependency;
			name = ELAWalkingTimeHost;
			targetProxy = 0719904918BDF7D200591D4A /* PBXContainerItemProxy */;
		};
/* End PBXTargetDependency section */

/* Begin PBXVariantGroup section */
		079753C618BCB3CD002693EF /* InfoPlist.strings */ = {
			isa = PBXVariantGroup;
			children = (
				079753C718BCB3CD002693EF /* en */,
			);
			name = InfoPlist.strings;
			sourceTree = "<group>";
		};
/* End PBXVariantGroup section */

/* Begin XCBuildConfiguration section */
		079753CB18BCB3CD002693EF /* Debug */ = {
			isa = XCBuildConfiguration;
			buildSettings = {
				ALWAYS_SEARCH_USER_PATHS = NO;
				ARCHS = "$(ARCHS_STANDARD_INCLUDING_64_BIT)";
				CLANG_CXX_LANGUAGE_STANDARD = "gnu++0x";
				CLANG_CXX_LIBRARY = "libc++";
				CLANG_ENABLE_MODULES = YES;
				CLANG_ENABLE_OBJC_ARC = YES;
				CLANG_WARN_BOOL_CONVERSION = YES;
				CLANG_WARN_CONSTANT_CONVERSION = YES;
				CLANG_WARN_DIRECT_OBJC_ISA_USAGE = YES_ERROR;
				CLANG_WARN_EMPTY_BODY = YES;
				CLANG_WARN_ENUM_CONVERSION = YES;
				CLANG_WARN_INT_CONVERSION = YES;
				CLANG_WARN_OBJC_ROOT_CLASS = YES_ERROR;
				CLANG_WARN__DUPLICATE_METHOD_MATCH = YES;
				"CODE_SIGN_IDENTITY[sdk=iphoneos*]" = "iPhone Developer";
				COPY_PHASE_STRIP = NO;
				GCC_C_LANGUAGE_STANDARD = gnu99;
				GCC_DYNAMIC_NO_PIC = NO;
				GCC_OPTIMIZATION_LEVEL = 0;
				GCC_PREPROCESSOR_DEFINITIONS = (
					"DEBUG=1",
					"$(inherited)",
				);
				GCC_SYMBOLS_PRIVATE_EXTERN = NO;
				GCC_WARN_64_TO_32_BIT_CONVERSION = YES;
				GCC_WARN_ABOUT_RETURN_TYPE = YES_ERROR;
				GCC_WARN_UNDECLARED_SELECTOR = YES;
				GCC_WARN_UNINITIALIZED_AUTOS = YES;
				GCC_WARN_UNUSED_FUNCTION = YES;
				GCC_WARN_UNUSED_VARIABLE = YES;
				IPHONEOS_DEPLOYMENT_TARGET = 7.0;
				ONLY_ACTIVE_ARCH = YES;
				SDKROOT = iphoneos;
			};
			name = Debug;
		};
		079753CC18BCB3CD002693EF /* Release */ = {
			isa = XCBuildConfiguration;
			buildSettings = {
				ALWAYS_SEARCH_USER_PATHS = NO;
				ARCHS = "$(ARCHS_STANDARD_INCLUDING_64_BIT)";
				CLANG_CXX_LANGUAGE_STANDARD = "gnu++0x";
				CLANG_CXX_LIBRARY = "libc++";
				CLANG_ENABLE_MODULES = YES;
				CLANG_ENABLE_OBJC_ARC = YES;
				CLANG_WARN_BOOL_CONVERSION = YES;
				CLANG_WARN_CONSTANT_CONVERSION = YES;
				CLANG_WARN_DIRECT_OBJC_ISA_USAGE = YES_ERROR;
				CLANG_WARN_EMPTY_BODY = YES;
				CLANG_WARN_ENUM_CONVERSION = YES;
				CLANG_WARN_INT_CONVERSION = YES;
				CLANG_WARN_OBJC_ROOT_CLASS = YES_ERROR;
				CLANG_WARN__DUPLICATE_METHOD_MATCH = YES;
				"CODE_SIGN_IDENTITY[sdk=iphoneos*]" = "iPhone Developer";
				COPY_PHASE_STRIP = YES;
				ENABLE_NS_ASSERTIONS = NO;
				GCC_C_LANGUAGE_STANDARD = gnu99;
				GCC_WARN_64_TO_32_BIT_CONVERSION = YES;
				GCC_WARN_ABOUT_RETURN_TYPE = YES_ERROR;
				GCC_WARN_UNDECLARED_SELECTOR = YES;
				GCC_WARN_UNINITIALIZED_AUTOS = YES;
				GCC_WARN_UNUSED_FUNCTION = YES;
				GCC_WARN_UNUSED_VARIABLE = YES;
				IPHONEOS_DEPLOYMENT_TARGET = 7.0;
				SDKROOT = iphoneos;
				VALIDATE_PRODUCT = YES;
			};
			name = Release;
		};
		079753D118BCB3CD002693EF /* Debug */ = {
			isa = XCBuildConfiguration;
			baseConfigurationReference = 63D7DEC84CCE41FEB5B01EF7 /* Pods.xcconfig */;
			buildSettings = {
				ARCHS = "$(ARCHS_STANDARD_INCLUDING_64_BIT)";
				BUNDLE_LOADER = "$(BUILT_PRODUCTS_DIR)/ELAWalkingTimeHost.app/ELAWalkingTimeHost";
				FRAMEWORK_SEARCH_PATHS = (
					"$(SDKROOT)/Developer/Library/Frameworks",
					"$(inherited)",
					"$(DEVELOPER_FRAMEWORKS_DIR)",
				);
				GCC_PRECOMPILE_PREFIX_HEADER = YES;
				GCC_PREFIX_HEADER = "ELAWalkingTime-Prefix.pch";
				GCC_PREPROCESSOR_DEFINITIONS = (
					"DEBUG=1",
					"$(inherited)",
				);
				INFOPLIST_FILE = "ELAWalkingTimeTests-Info.plist";
				PRODUCT_NAME = "$(TARGET_NAME)";
				TEST_HOST = "$(BUNDLE_LOADER)";
				WRAPPER_EXTENSION = xctest;
			};
			name = Debug;
		};
		079753D218BCB3CD002693EF /* Release */ = {
			isa = XCBuildConfiguration;
			baseConfigurationReference = 63D7DEC84CCE41FEB5B01EF7 /* Pods.xcconfig */;
			buildSettings = {
				ARCHS = "$(ARCHS_STANDARD_INCLUDING_64_BIT)";
				BUNDLE_LOADER = "$(BUILT_PRODUCTS_DIR)/ELAWalkingTimeHost.app/ELAWalkingTimeHost";
				FRAMEWORK_SEARCH_PATHS = (
					"$(SDKROOT)/Developer/Library/Frameworks",
					"$(inherited)",
					"$(DEVELOPER_FRAMEWORKS_DIR)",
				);
				GCC_PRECOMPILE_PREFIX_HEADER = YES;
				GCC_PREFIX_HEADER = "ELAWalkingTime-Prefix.pch";
				INFOPLIST_FILE = "ELAWalkingTimeTests-Info.plist";
				PRODUCT_NAME = "$(TARGET_NAME)";
				TEST_HOST = "$(BUNDLE_LOADER)";
				WRAPPER_EXTENSION = xctest;
			};
			name = Release;
		};
/* End XCBuildConfiguration section */

/* Begin XCConfigurationList section */
		0797539C18BCB3CC002693EF /* Build configuration list for PBXProject "ELAWalkingTime Tests" */ = {
			isa = XCConfigurationList;
			buildConfigurations = (
				079753CB18BCB3CD002693EF /* Debug */,
				079753CC18BCB3CD002693EF /* Release */,
			);
			defaultConfigurationIsVisible = 0;
			defaultConfigurationName = Release;
		};
		079753D018BCB3CD002693EF /* Build configuration list for PBXNativeTarget "ELAWalkingTimeTests" */ = {
			isa = XCConfigurationList;
			buildConfigurations = (
				079753D118BCB3CD002693EF /* Debug */,
				079753D218BCB3CD002693EF /* Release */,
			);
			defaultConfigurationIsVisible = 0;
			defaultConfigurationName = Release;
		};
/* End XCConfigurationList section */
	};
	rootObject = 0797539918BCB3CC002693EF /* Project object */;
}
